
Microsoft Visual Studio Solution File, Format Version 12.00
# Visual Studio 15
VisualStudioVersion = 15.0.28307.329
MinimumVisualStudioVersion = 10.0.40219.1
Project("{FAE04EC0-301F-11D3-BF4B-00C04F79EFBC}") = "PostDocker", "PostDocker\PostDocker.csproj", "{0043F836-1C3E-46B6-9212-D1787FDA3F00}"
EndProject
Global
	GlobalSection(SolutionConfigurationPlatforms) = preSolution
		Debug|Any CPU = Debug|Any CPU
		Release|Any CPU = Release|Any CPU
	EndGlobalSection
	GlobalSection(ProjectConfigurationPlatforms) = postSolution
		{0043F836-1C3E-46B6-9212-D1787FDA3F00}.Debug|Any CPU.ActiveCfg = Debug|Any CPU
		{0043F836-1C3E-46B6-9212-D1787FDA3F00}.Debug|Any CPU.Build.0 = Debug|Any CPU
		{0043F836-1C3E-46B6-9212-D1787FDA3F00}.Release|Any CPU.ActiveCfg = Release|Any CPU
		{0043F836-1C3E-46B6-9212-D1787FDA3F00}.Release|Any CPU.Build.0 = Release|Any CPU
	EndGlobalSection
	GlobalSection(SolutionProperties) = preSolution
		HideSolutionNode = FALSE
	EndGlobalSection
	GlobalSection(ExtensibilityGlobals) = postSolution
		SolutionGuid = {08101E1E-2ED4-44BE-9E9D-ACDEF5ED9C21}
	EndGlobalSection
EndGlobal
